// !$*UTF8*$!
{
	archiveVersion = 1;
	classes = {
	};
	objectVersion = 52;
	objects = {

/* Begin PBXBuildFile section */
		09CB60A1237C5FFE00F5774E /* ReminderItemTableCell.swift in Sources */ = {isa = PBXBuildFile; fileRef = 09CB60A0237C5FFE00F5774E /* ReminderItemTableCell.swift */; };
		09D67484237D79E900BC20A7 /* Settings.swift in Sources */ = {isa = PBXBuildFile; fileRef = 09D67483237D79E900BC20A7 /* Settings.swift */; };
		09D67486237D952E00BC20A7 /* SettingsCoordinator.swift in Sources */ = {isa = PBXBuildFile; fileRef = 09D67485237D952E00BC20A7 /* SettingsCoordinator.swift */; };
		09D67488237D983800BC20A7 /* SettingsViewModel.swift in Sources */ = {isa = PBXBuildFile; fileRef = 09D67487237D983800BC20A7 /* SettingsViewModel.swift */; };
		09D6748B237D9A6100BC20A7 /* SettingsViewController.swift in Sources */ = {isa = PBXBuildFile; fileRef = 09D6748A237D9A6100BC20A7 /* SettingsViewController.swift */; };
		09D6748D237D9AD200BC20A7 /* SettingsViewController.xib in Resources */ = {isa = PBXBuildFile; fileRef = 09D6748C237D9AD200BC20A7 /* SettingsViewController.xib */; };
		BF17030E237725D400C3A2F6 /* AppDelegate.swift in Sources */ = {isa = PBXBuildFile; fileRef = BF17030D237725D400C3A2F6 /* AppDelegate.swift */; };
		BF170310237725D400C3A2F6 /* SceneDelegate.swift in Sources */ = {isa = PBXBuildFile; fileRef = BF17030F237725D400C3A2F6 /* SceneDelegate.swift */; };
		BF170312237725D400C3A2F6 /* ViewController.swift in Sources */ = {isa = PBXBuildFile; fileRef = BF170311237725D400C3A2F6 /* ViewController.swift */; };
		BF170317237725D600C3A2F6 /* Assets.xcassets in Resources */ = {isa = PBXBuildFile; fileRef = BF170316237725D600C3A2F6 /* Assets.xcassets */; };
		BF17031A237725D600C3A2F6 /* LaunchScreen.storyboard in Resources */ = {isa = PBXBuildFile; fileRef = BF170318237725D600C3A2F6 /* LaunchScreen.storyboard */; };
		BF170325237725D600C3A2F6 /* SimplreRemindersTests.swift in Sources */ = {isa = PBXBuildFile; fileRef = BF170324237725D600C3A2F6 /* SimplreRemindersTests.swift */; };
		BF1703312377266B00C3A2F6 /* RxDataSources in Frameworks */ = {isa = PBXBuildFile; productRef = BF1703302377266B00C3A2F6 /* RxDataSources */; };
		BF1703342377272100C3A2F6 /* RxRealm in Frameworks */ = {isa = PBXBuildFile; productRef = BF1703332377272100C3A2F6 /* RxRealm */; };
		BF1703372377279C00C3A2F6 /* RxSwift in Frameworks */ = {isa = PBXBuildFile; productRef = BF1703362377279C00C3A2F6 /* RxSwift */; };
		BF17033B2377279C00C3A2F6 /* RxRelay in Frameworks */ = {isa = PBXBuildFile; productRef = BF17033A2377279C00C3A2F6 /* RxRelay */; };
		BF17033D2377279C00C3A2F6 /* RxCocoa in Frameworks */ = {isa = PBXBuildFile; productRef = BF17033C2377279C00C3A2F6 /* RxCocoa */; };
		BF17033F2377279C00C3A2F6 /* RxBlocking in Frameworks */ = {isa = PBXBuildFile; productRef = BF17033E2377279C00C3A2F6 /* RxBlocking */; };
		BF1703422377282A00C3A2F6 /* Coordinator.swift in Sources */ = {isa = PBXBuildFile; fileRef = BF1703412377282A00C3A2F6 /* Coordinator.swift */; };
		BF170344237728D300C3A2F6 /* RemindersListCoordinator.swift in Sources */ = {isa = PBXBuildFile; fileRef = BF170343237728D300C3A2F6 /* RemindersListCoordinator.swift */; };
		BF170347237729BD00C3A2F6 /* RemindersViewModel.swift in Sources */ = {isa = PBXBuildFile; fileRef = BF170346237729BD00C3A2F6 /* RemindersViewModel.swift */; };
		BF17034A23772A3100C3A2F6 /* RemindersViewController.swift in Sources */ = {isa = PBXBuildFile; fileRef = BF17034923772A3100C3A2F6 /* RemindersViewController.swift */; };
		BF17035123772DE900C3A2F6 /* RemindersViewController.xib in Resources */ = {isa = PBXBuildFile; fileRef = BF17035023772DE900C3A2F6 /* RemindersViewController.xib */; };
		BF1703542377FCBA00C3A2F6 /* ReminderServiceType.swift in Sources */ = {isa = PBXBuildFile; fileRef = BF1703532377FCBA00C3A2F6 /* ReminderServiceType.swift */; };
		BF1703572377FCFA00C3A2F6 /* Reminder.swift in Sources */ = {isa = PBXBuildFile; fileRef = BF1703562377FCFA00C3A2F6 /* Reminder.swift */; };
		BF1703592377FD0600C3A2F6 /* Category.swift in Sources */ = {isa = PBXBuildFile; fileRef = BF1703582377FD0600C3A2F6 /* Category.swift */; };
		BF17035B23781E8A00C3A2F6 /* CategoryServiceType.swift in Sources */ = {isa = PBXBuildFile; fileRef = BF17035A23781E8A00C3A2F6 /* CategoryServiceType.swift */; };
		BF17035D237820AF00C3A2F6 /* RealmDataProvider.swift in Sources */ = {isa = PBXBuildFile; fileRef = BF17035C237820AF00C3A2F6 /* RealmDataProvider.swift */; };
		BF1703622378274800C3A2F6 /* Color.swift in Sources */ = {isa = PBXBuildFile; fileRef = BF1703612378274800C3A2F6 /* Color.swift */; };
		BF170366237832BD00C3A2F6 /* DataProvider.swift in Sources */ = {isa = PBXBuildFile; fileRef = BF170365237832BD00C3A2F6 /* DataProvider.swift */; };
		BF170369237862C100C3A2F6 /* Action in Frameworks */ = {isa = PBXBuildFile; productRef = BF170368237862C100C3A2F6 /* Action */; };
		BF17036B2378830000C3A2F6 /* EditReminderViewController.swift in Sources */ = {isa = PBXBuildFile; fileRef = BF17036A2378830000C3A2F6 /* EditReminderViewController.swift */; };
		BF17036D2378832500C3A2F6 /* EditReminderViewController.xib in Resources */ = {isa = PBXBuildFile; fileRef = BF17036C2378832500C3A2F6 /* EditReminderViewController.xib */; };
		BF17036F2378835E00C3A2F6 /* EditReminderViewModel.swift in Sources */ = {isa = PBXBuildFile; fileRef = BF17036E2378835E00C3A2F6 /* EditReminderViewModel.swift */; };
		BF1703712378A21600C3A2F6 /* EditReminderCoordinator.swift in Sources */ = {isa = PBXBuildFile; fileRef = BF1703702378A21600C3A2F6 /* EditReminderCoordinator.swift */; };
		BF8E8DBC237DE025002A2897 /* CategoryTableCell.swift in Sources */ = {isa = PBXBuildFile; fileRef = BF8E8DBB237DE025002A2897 /* CategoryTableCell.swift */; };
		BF945F2C237C8A85001E98F8 /* Date+Format.swift in Sources */ = {isa = PBXBuildFile; fileRef = BF945F2B237C8A85001E98F8 /* Date+Format.swift */; };
		BFDD6660237E99FE00E9A2B6 /* EditCategoryCoordinator.swift in Sources */ = {isa = PBXBuildFile; fileRef = BFDD665F237E99FE00E9A2B6 /* EditCategoryCoordinator.swift */; };
		BFDD6662237E9BD400E9A2B6 /* EditCategoryViewModel.swift in Sources */ = {isa = PBXBuildFile; fileRef = BFDD6661237E9BD400E9A2B6 /* EditCategoryViewModel.swift */; };
		BFDD6664237EA32000E9A2B6 /* EditCategoryViewController.swift in Sources */ = {isa = PBXBuildFile; fileRef = BFDD6663237EA32000E9A2B6 /* EditCategoryViewController.swift */; };
		BFDD6666237EA48F00E9A2B6 /* EditCategoryViewController.xib in Resources */ = {isa = PBXBuildFile; fileRef = BFDD6665237EA48F00E9A2B6 /* EditCategoryViewController.xib */; };
		BFDD6668237EF60700E9A2B6 /* ColorCollectionCell.swift in Sources */ = {isa = PBXBuildFile; fileRef = BFDD6667237EF60700E9A2B6 /* ColorCollectionCell.swift */; };
/* End PBXBuildFile section */

/* Begin PBXContainerItemProxy section */
		BF170321237725D600C3A2F6 /* PBXContainerItemProxy */ = {
			isa = PBXContainerItemProxy;
			containerPortal = BF170302237725D400C3A2F6 /* Project object */;
			proxyType = 1;
			remoteGlobalIDString = BF170309237725D400C3A2F6;
			remoteInfo = SimplreReminders;
		};
/* End PBXContainerItemProxy section */

/* Begin PBXFileReference section */
		09CB60A0237C5FFE00F5774E /* ReminderItemTableCell.swift */ = {isa = PBXFileReference; lastKnownFileType = sourcecode.swift; path = ReminderItemTableCell.swift; sourceTree = "<group>"; };
		09D67483237D79E900BC20A7 /* Settings.swift */ = {isa = PBXFileReference; lastKnownFileType = sourcecode.swift; path = Settings.swift; sourceTree = "<group>"; };
		09D67485237D952E00BC20A7 /* SettingsCoordinator.swift */ = {isa = PBXFileReference; lastKnownFileType = sourcecode.swift; path = SettingsCoordinator.swift; sourceTree = "<group>"; };
		09D67487237D983800BC20A7 /* SettingsViewModel.swift */ = {isa = PBXFileReference; lastKnownFileType = sourcecode.swift; path = SettingsViewModel.swift; sourceTree = "<group>"; };
		09D6748A237D9A6100BC20A7 /* SettingsViewController.swift */ = {isa = PBXFileReference; lastKnownFileType = sourcecode.swift; path = SettingsViewController.swift; sourceTree = "<group>"; };
		09D6748C237D9AD200BC20A7 /* SettingsViewController.xib */ = {isa = PBXFileReference; lastKnownFileType = file.xib; path = SettingsViewController.xib; sourceTree = "<group>"; };
		BF17030A237725D400C3A2F6 /* SimplreReminders.app */ = {isa = PBXFileReference; explicitFileType = wrapper.application; includeInIndex = 0; path = SimplreReminders.app; sourceTree = BUILT_PRODUCTS_DIR; };
		BF17030D237725D400C3A2F6 /* AppDelegate.swift */ = {isa = PBXFileReference; lastKnownFileType = sourcecode.swift; path = AppDelegate.swift; sourceTree = "<group>"; };
		BF17030F237725D400C3A2F6 /* SceneDelegate.swift */ = {isa = PBXFileReference; lastKnownFileType = sourcecode.swift; path = SceneDelegate.swift; sourceTree = "<group>"; };
		BF170311237725D400C3A2F6 /* ViewController.swift */ = {isa = PBXFileReference; lastKnownFileType = sourcecode.swift; path = ViewController.swift; sourceTree = "<group>"; };
		BF170316237725D600C3A2F6 /* Assets.xcassets */ = {isa = PBXFileReference; lastKnownFileType = folder.assetcatalog; path = Assets.xcassets; sourceTree = "<group>"; };
		BF170319237725D600C3A2F6 /* Base */ = {isa = PBXFileReference; lastKnownFileType = file.storyboard; name = Base; path = Base.lproj/LaunchScreen.storyboard; sourceTree = "<group>"; };
		BF17031B237725D600C3A2F6 /* Info.plist */ = {isa = PBXFileReference; lastKnownFileType = text.plist.xml; path = Info.plist; sourceTree = "<group>"; };
		BF170320237725D600C3A2F6 /* SimplreRemindersTests.xctest */ = {isa = PBXFileReference; explicitFileType = wrapper.cfbundle; includeInIndex = 0; path = SimplreRemindersTests.xctest; sourceTree = BUILT_PRODUCTS_DIR; };
		BF170324237725D600C3A2F6 /* SimplreRemindersTests.swift */ = {isa = PBXFileReference; lastKnownFileType = sourcecode.swift; path = SimplreRemindersTests.swift; sourceTree = "<group>"; };
		BF170326237725D600C3A2F6 /* Info.plist */ = {isa = PBXFileReference; lastKnownFileType = text.plist.xml; path = Info.plist; sourceTree = "<group>"; };
		BF1703412377282A00C3A2F6 /* Coordinator.swift */ = {isa = PBXFileReference; lastKnownFileType = sourcecode.swift; path = Coordinator.swift; sourceTree = "<group>"; };
		BF170343237728D300C3A2F6 /* RemindersListCoordinator.swift */ = {isa = PBXFileReference; lastKnownFileType = sourcecode.swift; path = RemindersListCoordinator.swift; sourceTree = "<group>"; };
		BF170346237729BD00C3A2F6 /* RemindersViewModel.swift */ = {isa = PBXFileReference; lastKnownFileType = sourcecode.swift; path = RemindersViewModel.swift; sourceTree = "<group>"; };
		BF17034923772A3100C3A2F6 /* RemindersViewController.swift */ = {isa = PBXFileReference; lastKnownFileType = sourcecode.swift; path = RemindersViewController.swift; sourceTree = "<group>"; };
		BF17035023772DE900C3A2F6 /* RemindersViewController.xib */ = {isa = PBXFileReference; lastKnownFileType = file.xib; path = RemindersViewController.xib; sourceTree = "<group>"; };
		BF1703532377FCBA00C3A2F6 /* ReminderServiceType.swift */ = {isa = PBXFileReference; lastKnownFileType = sourcecode.swift; path = ReminderServiceType.swift; sourceTree = "<group>"; };
		BF1703562377FCFA00C3A2F6 /* Reminder.swift */ = {isa = PBXFileReference; lastKnownFileType = sourcecode.swift; path = Reminder.swift; sourceTree = "<group>"; };
		BF1703582377FD0600C3A2F6 /* Category.swift */ = {isa = PBXFileReference; lastKnownFileType = sourcecode.swift; path = Category.swift; sourceTree = "<group>"; };
		BF17035A23781E8A00C3A2F6 /* CategoryServiceType.swift */ = {isa = PBXFileReference; lastKnownFileType = sourcecode.swift; path = CategoryServiceType.swift; sourceTree = "<group>"; };
		BF17035C237820AF00C3A2F6 /* RealmDataProvider.swift */ = {isa = PBXFileReference; lastKnownFileType = sourcecode.swift; path = RealmDataProvider.swift; sourceTree = "<group>"; };
		BF1703612378274800C3A2F6 /* Color.swift */ = {isa = PBXFileReference; lastKnownFileType = sourcecode.swift; path = Color.swift; sourceTree = "<group>"; };
		BF170365237832BD00C3A2F6 /* DataProvider.swift */ = {isa = PBXFileReference; lastKnownFileType = sourcecode.swift; path = DataProvider.swift; sourceTree = "<group>"; };
		BF17036A2378830000C3A2F6 /* EditReminderViewController.swift */ = {isa = PBXFileReference; lastKnownFileType = sourcecode.swift; path = EditReminderViewController.swift; sourceTree = "<group>"; };
		BF17036C2378832500C3A2F6 /* EditReminderViewController.xib */ = {isa = PBXFileReference; lastKnownFileType = file.xib; path = EditReminderViewController.xib; sourceTree = "<group>"; };
		BF17036E2378835E00C3A2F6 /* EditReminderViewModel.swift */ = {isa = PBXFileReference; lastKnownFileType = sourcecode.swift; path = EditReminderViewModel.swift; sourceTree = "<group>"; };
		BF1703702378A21600C3A2F6 /* EditReminderCoordinator.swift */ = {isa = PBXFileReference; lastKnownFileType = sourcecode.swift; path = EditReminderCoordinator.swift; sourceTree = "<group>"; };
		BF8E8DBB237DE025002A2897 /* CategoryTableCell.swift */ = {isa = PBXFileReference; lastKnownFileType = sourcecode.swift; path = CategoryTableCell.swift; sourceTree = "<group>"; };
		BF945F2B237C8A85001E98F8 /* Date+Format.swift */ = {isa = PBXFileReference; lastKnownFileType = sourcecode.swift; path = "Date+Format.swift"; sourceTree = "<group>"; };
		BFDD665F237E99FE00E9A2B6 /* EditCategoryCoordinator.swift */ = {isa = PBXFileReference; lastKnownFileType = sourcecode.swift; path = EditCategoryCoordinator.swift; sourceTree = "<group>"; };
		BFDD6661237E9BD400E9A2B6 /* EditCategoryViewModel.swift */ = {isa = PBXFileReference; lastKnownFileType = sourcecode.swift; path = EditCategoryViewModel.swift; sourceTree = "<group>"; };
		BFDD6663237EA32000E9A2B6 /* EditCategoryViewController.swift */ = {isa = PBXFileReference; lastKnownFileType = sourcecode.swift; path = EditCategoryViewController.swift; sourceTree = "<group>"; };
		BFDD6665237EA48F00E9A2B6 /* EditCategoryViewController.xib */ = {isa = PBXFileReference; lastKnownFileType = file.xib; path = EditCategoryViewController.xib; sourceTree = "<group>"; };
		BFDD6667237EF60700E9A2B6 /* ColorCollectionCell.swift */ = {isa = PBXFileReference; lastKnownFileType = sourcecode.swift; path = ColorCollectionCell.swift; sourceTree = "<group>"; };
/* End PBXFileReference section */

/* Begin PBXFrameworksBuildPhase section */
		BF170307237725D400C3A2F6 /* Frameworks */ = {
			isa = PBXFrameworksBuildPhase;
			buildActionMask = 2147483647;
			files = (
				BF17033D2377279C00C3A2F6 /* RxCocoa in Frameworks */,
				BF17033B2377279C00C3A2F6 /* RxRelay in Frameworks */,
				BF1703372377279C00C3A2F6 /* RxSwift in Frameworks */,
				BF170369237862C100C3A2F6 /* Action in Frameworks */,
				BF1703342377272100C3A2F6 /* RxRealm in Frameworks */,
				BF1703312377266B00C3A2F6 /* RxDataSources in Frameworks */,
				BF17033F2377279C00C3A2F6 /* RxBlocking in Frameworks */,
			);
			runOnlyForDeploymentPostprocessing = 0;
		};
		BF17031D237725D600C3A2F6 /* Frameworks */ = {
			isa = PBXFrameworksBuildPhase;
			buildActionMask = 2147483647;
			files = (
			);
			runOnlyForDeploymentPostprocessing = 0;
		};
/* End PBXFrameworksBuildPhase section */

/* Begin PBXGroup section */
		09CB609E237C5FCA00F5774E /* ReminderList */ = {
			isa = PBXGroup;
			children = (
				BF17034923772A3100C3A2F6 /* RemindersViewController.swift */,
				BF17035023772DE900C3A2F6 /* RemindersViewController.xib */,
				09CB60A0237C5FFE00F5774E /* ReminderItemTableCell.swift */,
			);
			path = ReminderList;
			sourceTree = "<group>";
		};
		09CB609F237C5FD400F5774E /* EditOrCreateReminder */ = {
			isa = PBXGroup;
			children = (
				BF17036A2378830000C3A2F6 /* EditReminderViewController.swift */,
				BF17036C2378832500C3A2F6 /* EditReminderViewController.xib */,
			);
			path = EditOrCreateReminder;
			sourceTree = "<group>";
		};
		09D67489237D9A5100BC20A7 /* Settings */ = {
			isa = PBXGroup;
			children = (
				09D6748A237D9A6100BC20A7 /* SettingsViewController.swift */,
				09D6748C237D9AD200BC20A7 /* SettingsViewController.xib */,
				BF8E8DBB237DE025002A2897 /* CategoryTableCell.swift */,
			);
			path = Settings;
			sourceTree = "<group>";
		};
		BF170301237725D400C3A2F6 = {
			isa = PBXGroup;
			children = (
				BF17030C237725D400C3A2F6 /* SimplreReminders */,
				BF170323237725D600C3A2F6 /* SimplreRemindersTests */,
				BF17030B237725D400C3A2F6 /* Products */,
			);
			sourceTree = "<group>";
		};
		BF17030B237725D400C3A2F6 /* Products */ = {
			isa = PBXGroup;
			children = (
				BF17030A237725D400C3A2F6 /* SimplreReminders.app */,
				BF170320237725D600C3A2F6 /* SimplreRemindersTests.xctest */,
			);
			name = Products;
			sourceTree = "<group>";
		};
		BF17030C237725D400C3A2F6 /* SimplreReminders */ = {
			isa = PBXGroup;
			children = (
				BF945F2A237C8A71001E98F8 /* Extensions */,
				BF1703552377FCE200C3A2F6 /* Model */,
				BF1703522377FC9100C3A2F6 /* Services */,
				BF17034D23772C1000C3A2F6 /* Helpers */,
				BF17034823772A1C00C3A2F6 /* Views */,
				BF1703452377295E00C3A2F6 /* ViewModels */,
				BF170340237727EF00C3A2F6 /* Coordinators */,
				BF17030D237725D400C3A2F6 /* AppDelegate.swift */,
				BF17030F237725D400C3A2F6 /* SceneDelegate.swift */,
				BF170311237725D400C3A2F6 /* ViewController.swift */,
				BF170316237725D600C3A2F6 /* Assets.xcassets */,
				BF170318237725D600C3A2F6 /* LaunchScreen.storyboard */,
				BF17031B237725D600C3A2F6 /* Info.plist */,
			);
			path = SimplreReminders;
			sourceTree = "<group>";
		};
		BF170323237725D600C3A2F6 /* SimplreRemindersTests */ = {
			isa = PBXGroup;
			children = (
				BF170324237725D600C3A2F6 /* SimplreRemindersTests.swift */,
				BF170326237725D600C3A2F6 /* Info.plist */,
			);
			path = SimplreRemindersTests;
			sourceTree = "<group>";
		};
		BF170340237727EF00C3A2F6 /* Coordinators */ = {
			isa = PBXGroup;
			children = (
				BF1703412377282A00C3A2F6 /* Coordinator.swift */,
				BF170343237728D300C3A2F6 /* RemindersListCoordinator.swift */,
				BF1703702378A21600C3A2F6 /* EditReminderCoordinator.swift */,
				09D67485237D952E00BC20A7 /* SettingsCoordinator.swift */,
				BFDD665F237E99FE00E9A2B6 /* EditCategoryCoordinator.swift */,
			);
			path = Coordinators;
			sourceTree = "<group>";
		};
		BF1703452377295E00C3A2F6 /* ViewModels */ = {
			isa = PBXGroup;
			children = (
				BF170346237729BD00C3A2F6 /* RemindersViewModel.swift */,
				BF17036E2378835E00C3A2F6 /* EditReminderViewModel.swift */,
				09D67487237D983800BC20A7 /* SettingsViewModel.swift */,
				BFDD6661237E9BD400E9A2B6 /* EditCategoryViewModel.swift */,
			);
			path = ViewModels;
			sourceTree = "<group>";
		};
		BF17034823772A1C00C3A2F6 /* Views */ = {
			isa = PBXGroup;
			children = (
				BFDD665E237E995200E9A2B6 /* EditOrCreateCategory */,
				09D67489237D9A5100BC20A7 /* Settings */,
				09CB609E237C5FCA00F5774E /* ReminderList */,
				09CB609F237C5FD400F5774E /* EditOrCreateReminder */,
			);
			path = Views;
			sourceTree = "<group>";
		};
		BF17034D23772C1000C3A2F6 /* Helpers */ = {
			isa = PBXGroup;
			children = (
				BF1703612378274800C3A2F6 /* Color.swift */,
			);
			path = Helpers;
			sourceTree = "<group>";
		};
		BF1703522377FC9100C3A2F6 /* Services */ = {
			isa = PBXGroup;
			children = (
				BF1703532377FCBA00C3A2F6 /* ReminderServiceType.swift */,
				BF17035A23781E8A00C3A2F6 /* CategoryServiceType.swift */,
				BF17035C237820AF00C3A2F6 /* RealmDataProvider.swift */,
				BF170365237832BD00C3A2F6 /* DataProvider.swift */,
			);
			path = Services;
			sourceTree = "<group>";
		};
		BF1703552377FCE200C3A2F6 /* Model */ = {
			isa = PBXGroup;
			children = (
				BF1703562377FCFA00C3A2F6 /* Reminder.swift */,
				BF1703582377FD0600C3A2F6 /* Category.swift */,
				09D67483237D79E900BC20A7 /* Settings.swift */,
			);
			path = Model;
			sourceTree = "<group>";
		};
		BF945F2A237C8A71001E98F8 /* Extensions */ = {
			isa = PBXGroup;
			children = (
				BF945F2B237C8A85001E98F8 /* Date+Format.swift */,
			);
			path = Extensions;
			sourceTree = "<group>";
		};
		BFDD665E237E995200E9A2B6 /* EditOrCreateCategory */ = {
			isa = PBXGroup;
			children = (
				BFDD6663237EA32000E9A2B6 /* EditCategoryViewController.swift */,
				BFDD6665237EA48F00E9A2B6 /* EditCategoryViewController.xib */,
				BFDD6667237EF60700E9A2B6 /* ColorCollectionCell.swift */,
			);
			path = EditOrCreateCategory;
			sourceTree = "<group>";
		};
/* End PBXGroup section */

/* Begin PBXNativeTarget section */
		BF170309237725D400C3A2F6 /* SimplreReminders */ = {
			isa = PBXNativeTarget;
			buildConfigurationList = BF170329237725D600C3A2F6 /* Build configuration list for PBXNativeTarget "SimplreReminders" */;
			buildPhases = (
				BF170306237725D400C3A2F6 /* Sources */,
				BF170307237725D400C3A2F6 /* Frameworks */,
				BF170308237725D400C3A2F6 /* Resources */,
			);
			buildRules = (
			);
			dependencies = (
			);
			name = SimplreReminders;
			packageProductDependencies = (
				BF1703302377266B00C3A2F6 /* RxDataSources */,
				BF1703332377272100C3A2F6 /* RxRealm */,
				BF1703362377279C00C3A2F6 /* RxSwift */,
				BF17033A2377279C00C3A2F6 /* RxRelay */,
				BF17033C2377279C00C3A2F6 /* RxCocoa */,
				BF17033E2377279C00C3A2F6 /* RxBlocking */,
				BF170368237862C100C3A2F6 /* Action */,
			);
			productName = SimplreReminders;
			productReference = BF17030A237725D400C3A2F6 /* SimplreReminders.app */;
			productType = "com.apple.product-type.application";
		};
		BF17031F237725D600C3A2F6 /* SimplreRemindersTests */ = {
			isa = PBXNativeTarget;
			buildConfigurationList = BF17032C237725D600C3A2F6 /* Build configuration list for PBXNativeTarget "SimplreRemindersTests" */;
			buildPhases = (
				BF17031C237725D600C3A2F6 /* Sources */,
				BF17031D237725D600C3A2F6 /* Frameworks */,
				BF17031E237725D600C3A2F6 /* Resources */,
			);
			buildRules = (
			);
			dependencies = (
				BF170322237725D600C3A2F6 /* PBXTargetDependency */,
			);
			name = SimplreRemindersTests;
			productName = SimplreRemindersTests;
			productReference = BF170320237725D600C3A2F6 /* SimplreRemindersTests.xctest */;
			productType = "com.apple.product-type.bundle.unit-test";
		};
/* End PBXNativeTarget section */

/* Begin PBXProject section */
		BF170302237725D400C3A2F6 /* Project object */ = {
			isa = PBXProject;
			attributes = {
				LastSwiftUpdateCheck = 1100;
				LastUpgradeCheck = 1100;
				ORGANIZATIONNAME = personal;
				TargetAttributes = {
					BF170309237725D400C3A2F6 = {
						CreatedOnToolsVersion = 11.0;
					};
					BF17031F237725D600C3A2F6 = {
						CreatedOnToolsVersion = 11.0;
						TestTargetID = BF170309237725D400C3A2F6;
					};
				};
			};
			buildConfigurationList = BF170305237725D400C3A2F6 /* Build configuration list for PBXProject "SimplreReminders" */;
			compatibilityVersion = "Xcode 9.3";
			developmentRegion = en;
			hasScannedForEncodings = 0;
			knownRegions = (
				en,
				Base,
			);
			mainGroup = BF170301237725D400C3A2F6;
			packageReferences = (
				BF17032F2377266B00C3A2F6 /* XCRemoteSwiftPackageReference "RxDataSources" */,
				BF1703322377272100C3A2F6 /* XCRemoteSwiftPackageReference "RxRealm" */,
				BF1703352377279B00C3A2F6 /* XCRemoteSwiftPackageReference "RxSwift" */,
				BF170367237862C100C3A2F6 /* XCRemoteSwiftPackageReference "Action" */,
			);
			productRefGroup = BF17030B237725D400C3A2F6 /* Products */;
			projectDirPath = "";
			projectRoot = "";
			targets = (
				BF170309237725D400C3A2F6 /* SimplreReminders */,
				BF17031F237725D600C3A2F6 /* SimplreRemindersTests */,
			);
		};
/* End PBXProject section */

/* Begin PBXResourcesBuildPhase section */
		BF170308237725D400C3A2F6 /* Resources */ = {
			isa = PBXResourcesBuildPhase;
			buildActionMask = 2147483647;
			files = (
				BF17031A237725D600C3A2F6 /* LaunchScreen.storyboard in Resources */,
				BF17035123772DE900C3A2F6 /* RemindersViewController.xib in Resources */,
				BFDD6666237EA48F00E9A2B6 /* EditCategoryViewController.xib in Resources */,
				BF17036D2378832500C3A2F6 /* EditReminderViewController.xib in Resources */,
				BF170317237725D600C3A2F6 /* Assets.xcassets in Resources */,
				09D6748D237D9AD200BC20A7 /* SettingsViewController.xib in Resources */,
			);
			runOnlyForDeploymentPostprocessing = 0;
		};
		BF17031E237725D600C3A2F6 /* Resources */ = {
			isa = PBXResourcesBuildPhase;
			buildActionMask = 2147483647;
			files = (
			);
			runOnlyForDeploymentPostprocessing = 0;
		};
/* End PBXResourcesBuildPhase section */

/* Begin PBXSourcesBuildPhase section */
		BF170306237725D400C3A2F6 /* Sources */ = {
			isa = PBXSourcesBuildPhase;
			buildActionMask = 2147483647;
			files = (
				BF17035D237820AF00C3A2F6 /* RealmDataProvider.swift in Sources */,
				BF1703422377282A00C3A2F6 /* Coordinator.swift in Sources */,
				BF1703712378A21600C3A2F6 /* EditReminderCoordinator.swift in Sources */,
				BFDD6668237EF60700E9A2B6 /* ColorCollectionCell.swift in Sources */,
				BF17036F2378835E00C3A2F6 /* EditReminderViewModel.swift in Sources */,
				BFDD6660237E99FE00E9A2B6 /* EditCategoryCoordinator.swift in Sources */,
				09D67486237D952E00BC20A7 /* SettingsCoordinator.swift in Sources */,
				BF1703592377FD0600C3A2F6 /* Category.swift in Sources */,
				BF17034A23772A3100C3A2F6 /* RemindersViewController.swift in Sources */,
				BF1703622378274800C3A2F6 /* Color.swift in Sources */,
				BF8E8DBC237DE025002A2897 /* CategoryTableCell.swift in Sources */,
				BF945F2C237C8A85001E98F8 /* Date+Format.swift in Sources */,
				BF170312237725D400C3A2F6 /* ViewController.swift in Sources */,
				BF170347237729BD00C3A2F6 /* RemindersViewModel.swift in Sources */,
				BF17035B23781E8A00C3A2F6 /* CategoryServiceType.swift in Sources */,
				BF17030E237725D400C3A2F6 /* AppDelegate.swift in Sources */,
				BFDD6664237EA32000E9A2B6 /* EditCategoryViewController.swift in Sources */,
				09CB60A1237C5FFE00F5774E /* ReminderItemTableCell.swift in Sources */,
				BF1703542377FCBA00C3A2F6 /* ReminderServiceType.swift in Sources */,
				09D6748B237D9A6100BC20A7 /* SettingsViewController.swift in Sources */,
				09D67484237D79E900BC20A7 /* Settings.swift in Sources */,
				BF1703572377FCFA00C3A2F6 /* Reminder.swift in Sources */,
				BF17036B2378830000C3A2F6 /* EditReminderViewController.swift in Sources */,
				BF170366237832BD00C3A2F6 /* DataProvider.swift in Sources */,
				BFDD6662237E9BD400E9A2B6 /* EditCategoryViewModel.swift in Sources */,
				09D67488237D983800BC20A7 /* SettingsViewModel.swift in Sources */,
				BF170310237725D400C3A2F6 /* SceneDelegate.swift in Sources */,
				BF170344237728D300C3A2F6 /* RemindersListCoordinator.swift in Sources */,
			);
			runOnlyForDeploymentPostprocessing = 0;
		};
		BF17031C237725D600C3A2F6 /* Sources */ = {
			isa = PBXSourcesBuildPhase;
			buildActionMask = 2147483647;
			files = (
				BF170325237725D600C3A2F6 /* SimplreRemindersTests.swift in Sources */,
			);
			runOnlyForDeploymentPostprocessing = 0;
		};
/* End PBXSourcesBuildPhase section */

/* Begin PBXTargetDependency section */
		BF170322237725D600C3A2F6 /* PBXTargetDependency */ = {
			isa = PBXTargetDependency;
			target = BF170309237725D400C3A2F6 /* SimplreReminders */;
			targetProxy = BF170321237725D600C3A2F6 /* PBXContainerItemProxy */;
		};
/* End PBXTargetDependency section */

/* Begin PBXVariantGroup section */
		BF170318237725D600C3A2F6 /* LaunchScreen.storyboard */ = {
			isa = PBXVariantGroup;
			children = (
				BF170319237725D600C3A2F6 /* Base */,
			);
			name = LaunchScreen.storyboard;
			sourceTree = "<group>";
		};
/* End PBXVariantGroup section */

/* Begin XCBuildConfiguration section */
		BF170327237725D600C3A2F6 /* Debug */ = {
			isa = XCBuildConfiguration;
			buildSettings = {
				ALWAYS_SEARCH_USER_PATHS = NO;
				CLANG_ANALYZER_NONNULL = YES;
				CLANG_ANALYZER_NUMBER_OBJECT_CONVERSION = YES_AGGRESSIVE;
				CLANG_CXX_LANGUAGE_STANDARD = "gnu++14";
				CLANG_CXX_LIBRARY = "libc++";
				CLANG_ENABLE_MODULES = YES;
				CLANG_ENABLE_OBJC_ARC = YES;
				CLANG_ENABLE_OBJC_WEAK = YES;
				CLANG_WARN_BLOCK_CAPTURE_AUTORELEASING = YES;
				CLANG_WARN_BOOL_CONVERSION = YES;
				CLANG_WARN_COMMA = YES;
				CLANG_WARN_CONSTANT_CONVERSION = YES;
				CLANG_WARN_DEPRECATED_OBJC_IMPLEMENTATIONS = YES;
				CLANG_WARN_DIRECT_OBJC_ISA_USAGE = YES_ERROR;
				CLANG_WARN_DOCUMENTATION_COMMENTS = YES;
				CLANG_WARN_EMPTY_BODY = YES;
				CLANG_WARN_ENUM_CONVERSION = YES;
				CLANG_WARN_INFINITE_RECURSION = YES;
				CLANG_WARN_INT_CONVERSION = YES;
				CLANG_WARN_NON_LITERAL_NULL_CONVERSION = YES;
				CLANG_WARN_OBJC_IMPLICIT_RETAIN_SELF = YES;
				CLANG_WARN_OBJC_LITERAL_CONVERSION = YES;
				CLANG_WARN_OBJC_ROOT_CLASS = YES_ERROR;
				CLANG_WARN_RANGE_LOOP_ANALYSIS = YES;
				CLANG_WARN_STRICT_PROTOTYPES = YES;
				CLANG_WARN_SUSPICIOUS_MOVE = YES;
				CLANG_WARN_UNGUARDED_AVAILABILITY = YES_AGGRESSIVE;
				CLANG_WARN_UNREACHABLE_CODE = YES;
				CLANG_WARN__DUPLICATE_METHOD_MATCH = YES;
				COPY_PHASE_STRIP = NO;
				DEBUG_INFORMATION_FORMAT = dwarf;
				ENABLE_STRICT_OBJC_MSGSEND = YES;
				ENABLE_TESTABILITY = YES;
				GCC_C_LANGUAGE_STANDARD = gnu11;
				GCC_DYNAMIC_NO_PIC = NO;
				GCC_NO_COMMON_BLOCKS = YES;
				GCC_OPTIMIZATION_LEVEL = 0;
				GCC_PREPROCESSOR_DEFINITIONS = (
					"DEBUG=1",
					"$(inherited)",
				);
				GCC_WARN_64_TO_32_BIT_CONVERSION = YES;
				GCC_WARN_ABOUT_RETURN_TYPE = YES_ERROR;
				GCC_WARN_UNDECLARED_SELECTOR = YES;
				GCC_WARN_UNINITIALIZED_AUTOS = YES_AGGRESSIVE;
				GCC_WARN_UNUSED_FUNCTION = YES;
				GCC_WARN_UNUSED_VARIABLE = YES;
				IPHONEOS_DEPLOYMENT_TARGET = 13.0;
				MTL_ENABLE_DEBUG_INFO = INCLUDE_SOURCE;
				MTL_FAST_MATH = YES;
				ONLY_ACTIVE_ARCH = YES;
				SDKROOT = iphoneos;
				SWIFT_ACTIVE_COMPILATION_CONDITIONS = DEBUG;
				SWIFT_OPTIMIZATION_LEVEL = "-Onone";
			};
			name = Debug;
		};
		BF170328237725D600C3A2F6 /* Release */ = {
			isa = XCBuildConfiguration;
			buildSettings = {
				ALWAYS_SEARCH_USER_PATHS = NO;
				CLANG_ANALYZER_NONNULL = YES;
				CLANG_ANALYZER_NUMBER_OBJECT_CONVERSION = YES_AGGRESSIVE;
				CLANG_CXX_LANGUAGE_STANDARD = "gnu++14";
				CLANG_CXX_LIBRARY = "libc++";
				CLANG_ENABLE_MODULES = YES;
				CLANG_ENABLE_OBJC_ARC = YES;
				CLANG_ENABLE_OBJC_WEAK = YES;
				CLANG_WARN_BLOCK_CAPTURE_AUTORELEASING = YES;
				CLANG_WARN_BOOL_CONVERSION = YES;
				CLANG_WARN_COMMA = YES;
				CLANG_WARN_CONSTANT_CONVERSION = YES;
				CLANG_WARN_DEPRECATED_OBJC_IMPLEMENTATIONS = YES;
				CLANG_WARN_DIRECT_OBJC_ISA_USAGE = YES_ERROR;
				CLANG_WARN_DOCUMENTATION_COMMENTS = YES;
				CLANG_WARN_EMPTY_BODY = YES;
				CLANG_WARN_ENUM_CONVERSION = YES;
				CLANG_WARN_INFINITE_RECURSION = YES;
				CLANG_WARN_INT_CONVERSION = YES;
				CLANG_WARN_NON_LITERAL_NULL_CONVERSION = YES;
				CLANG_WARN_OBJC_IMPLICIT_RETAIN_SELF = YES;
				CLANG_WARN_OBJC_LITERAL_CONVERSION = YES;
				CLANG_WARN_OBJC_ROOT_CLASS = YES_ERROR;
				CLANG_WARN_RANGE_LOOP_ANALYSIS = YES;
				CLANG_WARN_STRICT_PROTOTYPES = YES;
				CLANG_WARN_SUSPICIOUS_MOVE = YES;
				CLANG_WARN_UNGUARDED_AVAILABILITY = YES_AGGRESSIVE;
				CLANG_WARN_UNREACHABLE_CODE = YES;
				CLANG_WARN__DUPLICATE_METHOD_MATCH = YES;
				COPY_PHASE_STRIP = NO;
				DEBUG_INFORMATION_FORMAT = "dwarf-with-dsym";
				ENABLE_NS_ASSERTIONS = NO;
				ENABLE_STRICT_OBJC_MSGSEND = YES;
				GCC_C_LANGUAGE_STANDARD = gnu11;
				GCC_NO_COMMON_BLOCKS = YES;
				GCC_WARN_64_TO_32_BIT_CONVERSION = YES;
				GCC_WARN_ABOUT_RETURN_TYPE = YES_ERROR;
				GCC_WARN_UNDECLARED_SELECTOR = YES;
				GCC_WARN_UNINITIALIZED_AUTOS = YES_AGGRESSIVE;
				GCC_WARN_UNUSED_FUNCTION = YES;
				GCC_WARN_UNUSED_VARIABLE = YES;
				IPHONEOS_DEPLOYMENT_TARGET = 13.0;
				MTL_ENABLE_DEBUG_INFO = NO;
				MTL_FAST_MATH = YES;
				SDKROOT = iphoneos;
				SWIFT_COMPILATION_MODE = wholemodule;
				SWIFT_OPTIMIZATION_LEVEL = "-O";
				VALIDATE_PRODUCT = YES;
			};
			name = Release;
		};
		BF17032A237725D600C3A2F6 /* Debug */ = {
			isa = XCBuildConfiguration;
			buildSettings = {
				ASSETCATALOG_COMPILER_APPICON_NAME = AppIcon;
				CODE_SIGN_STYLE = Automatic;
				DEVELOPMENT_TEAM = TF2DE2DGLA;
				INFOPLIST_FILE = SimplreReminders/Info.plist;
				LD_RUNPATH_SEARCH_PATHS = (
					"$(inherited)",
					"@executable_path/Frameworks",
				);
				PRODUCT_BUNDLE_IDENTIFIER = com.test.SimplreReminders;
				PRODUCT_NAME = "$(TARGET_NAME)";
				SWIFT_VERSION = 5.0;
				TARGETED_DEVICE_FAMILY = 1;
			};
			name = Debug;
		};
		BF17032B237725D600C3A2F6 /* Release */ = {
			isa = XCBuildConfiguration;
			buildSettings = {
				ASSETCATALOG_COMPILER_APPICON_NAME = AppIcon;
				CODE_SIGN_STYLE = Automatic;
				DEVELOPMENT_TEAM = TF2DE2DGLA;
				INFOPLIST_FILE = SimplreReminders/Info.plist;
				LD_RUNPATH_SEARCH_PATHS = (
					"$(inherited)",
					"@executable_path/Frameworks",
				);
				PRODUCT_BUNDLE_IDENTIFIER = com.test.SimplreReminders;
				PRODUCT_NAME = "$(TARGET_NAME)";
				SWIFT_VERSION = 5.0;
				TARGETED_DEVICE_FAMILY = 1;
			};
			name = Release;
		};
		BF17032D237725D600C3A2F6 /* Debug */ = {
			isa = XCBuildConfiguration;
			buildSettings = {
				ALWAYS_EMBED_SWIFT_STANDARD_LIBRARIES = YES;
				BUNDLE_LOADER = "$(TEST_HOST)";
				CODE_SIGN_STYLE = Automatic;
				DEVELOPMENT_TEAM = TF2DE2DGLA;
				INFOPLIST_FILE = SimplreRemindersTests/Info.plist;
				IPHONEOS_DEPLOYMENT_TARGET = 13.0;
				LD_RUNPATH_SEARCH_PATHS = (
					"$(inherited)",
					"@executable_path/Frameworks",
					"@loader_path/Frameworks",
				);
				PRODUCT_BUNDLE_IDENTIFIER = com.test.SimplreRemindersTests;
				PRODUCT_NAME = "$(TARGET_NAME)";
				SWIFT_VERSION = 5.0;
				TARGETED_DEVICE_FAMILY = "1,2";
				TEST_HOST = "$(BUILT_PRODUCTS_DIR)/SimplreReminders.app/SimplreReminders";
			};
			name = Debug;
		};
		BF17032E237725D600C3A2F6 /* Release */ = {
			isa = XCBuildConfiguration;
			buildSettings = {
				ALWAYS_EMBED_SWIFT_STANDARD_LIBRARIES = YES;
				BUNDLE_LOADER = "$(TEST_HOST)";
				CODE_SIGN_STYLE = Automatic;
				DEVELOPMENT_TEAM = TF2DE2DGLA;
				INFOPLIST_FILE = SimplreRemindersTests/Info.plist;
				IPHONEOS_DEPLOYMENT_TARGET = 13.0;
				LD_RUNPATH_SEARCH_PATHS = (
					"$(inherited)",
					"@executable_path/Frameworks",
					"@loader_path/Frameworks",
				);
				PRODUCT_BUNDLE_IDENTIFIER = com.test.SimplreRemindersTests;
				PRODUCT_NAME = "$(TARGET_NAME)";
				SWIFT_VERSION = 5.0;
				TARGETED_DEVICE_FAMILY = "1,2";
				TEST_HOST = "$(BUILT_PRODUCTS_DIR)/SimplreReminders.app/SimplreReminders";
			};
			name = Release;
		};
/* End XCBuildConfiguration section */

/* Begin XCConfigurationList section */
		BF170305237725D400C3A2F6 /* Build configuration list for PBXProject "SimplreReminders" */ = {
			isa = XCConfigurationList;
			buildConfigurations = (
				BF170327237725D600C3A2F6 /* Debug */,
				BF170328237725D600C3A2F6 /* Release */,
			);
			defaultConfigurationIsVisible = 0;
			defaultConfigurationName = Release;
		};
		BF170329237725D600C3A2F6 /* Build configuration list for PBXNativeTarget "SimplreReminders" */ = {
			isa = XCConfigurationList;
			buildConfigurations = (
				BF17032A237725D600C3A2F6 /* Debug */,
				BF17032B237725D600C3A2F6 /* Release */,
			);
			defaultConfigurationIsVisible = 0;
			defaultConfigurationName = Release;
		};
		BF17032C237725D600C3A2F6 /* Build configuration list for PBXNativeTarget "SimplreRemindersTests" */ = {
			isa = XCConfigurationList;
			buildConfigurations = (
				BF17032D237725D600C3A2F6 /* Debug */,
				BF17032E237725D600C3A2F6 /* Release */,
			);
			defaultConfigurationIsVisible = 0;
			defaultConfigurationName = Release;
		};
/* End XCConfigurationList section */

/* Begin XCRemoteSwiftPackageReference section */
		BF17032F2377266B00C3A2F6 /* XCRemoteSwiftPackageReference "RxDataSources" */ = {
			isa = XCRemoteSwiftPackageReference;
			repositoryURL = "https://github.com/RxSwiftCommunity/RxDataSources";
			requirement = {
				kind = upToNextMajorVersion;
				minimumVersion = 4.0.1;
			};
		};
		BF1703322377272100C3A2F6 /* XCRemoteSwiftPackageReference "RxRealm" */ = {
			isa = XCRemoteSwiftPackageReference;
			repositoryURL = "https://github.com/RxSwiftCommunity/RxRealm";
			requirement = {
				kind = upToNextMajorVersion;
				minimumVersion = 1.0.1;
			};
		};
		BF1703352377279B00C3A2F6 /* XCRemoteSwiftPackageReference "RxSwift" */ = {
			isa = XCRemoteSwiftPackageReference;
			repositoryURL = "https://github.com/ReactiveX/RxSwift";
			requirement = {
				kind = upToNextMajorVersion;
				minimumVersion = 5.0.1;
			};
		};
		BF170367237862C100C3A2F6 /* XCRemoteSwiftPackageReference "Action" */ = {
			isa = XCRemoteSwiftPackageReference;
			repositoryURL = "https://github.com/RxSwiftCommunity/Action";
			requirement = {
				kind = upToNextMajorVersion;
				minimumVersion = 4.0.1;
			};
		};
/* End XCRemoteSwiftPackageReference section */

/* Begin XCSwiftPackageProductDependency section */
		BF1703302377266B00C3A2F6 /* RxDataSources */ = {
			isa = XCSwiftPackageProductDependency;
			package = BF17032F2377266B00C3A2F6 /* XCRemoteSwiftPackageReference "RxDataSources" */;
			productName = RxDataSources;
		};
		BF1703332377272100C3A2F6 /* RxRealm */ = {
			isa = XCSwiftPackageProductDependency;
			package = BF1703322377272100C3A2F6 /* XCRemoteSwiftPackageReference "RxRealm" */;
			productName = RxRealm;
		};
		BF1703362377279C00C3A2F6 /* RxSwift */ = {
			isa = XCSwiftPackageProductDependency;
			package = BF1703352377279B00C3A2F6 /* XCRemoteSwiftPackageReference "RxSwift" */;
			productName = RxSwift;
		};
		BF17033A2377279C00C3A2F6 /* RxRelay */ = {
			isa = XCSwiftPackageProductDependency;
			package = BF1703352377279B00C3A2F6 /* XCRemoteSwiftPackageReference "RxSwift" */;
			productName = RxRelay;
		};
		BF17033C2377279C00C3A2F6 /* RxCocoa */ = {
			isa = XCSwiftPackageProductDependency;
			package = BF1703352377279B00C3A2F6 /* XCRemoteSwiftPackageReference "RxSwift" */;
			productName = RxCocoa;
		};
		BF17033E2377279C00C3A2F6 /* RxBlocking */ = {
			isa = XCSwiftPackageProductDependency;
			package = BF1703352377279B00C3A2F6 /* XCRemoteSwiftPackageReference "RxSwift" */;
			productName = RxBlocking;
		};
		BF170368237862C100C3A2F6 /* Action */ = {
			isa = XCSwiftPackageProductDependency;
			package = BF170367237862C100C3A2F6 /* XCRemoteSwiftPackageReference "Action" */;
			productName = Action;
		};
/* End XCSwiftPackageProductDependency section */
	};
	rootObject = BF170302237725D400C3A2F6 /* Project object */;
}
